
Microsoft Visual Studio Solution File, Format Version 12.00
# Visual Studio Version 17
VisualStudioVersion = 17.4.33205.214
MinimumVisualStudioVersion = 10.0.40219.1
Project("{FAE04EC0-301F-11D3-BF4B-00C04F79EFBC}") = "lab2", "lab2.csproj", "{81D2DAF1-B2D5-4290-98D2-CDD3ABE3848B}"
EndProject
Global
	GlobalSection(SolutionConfigurationPlatforms) = preSolution
		Debug|Any CPU = Debug|Any CPU
		Release|Any CPU = Release|Any CPU
	EndGlobalSection
	GlobalSection(ProjectConfigurationPlatforms) = postSolution
		{81D2DAF1-B2D5-4290-98D2-CDD3ABE3848B}.Debug|Any CPU.ActiveCfg = Debug|Any CPU
		{81D2DAF1-B2D5-4290-98D2-CDD3ABE3848B}.Debug|Any CPU.Build.0 = Debug|Any CPU
		{81D2DAF1-B2D5-4290-98D2-CDD3ABE3848B}.Release|Any CPU.ActiveCfg = Release|Any CPU
		{81D2DAF1-B2D5-4290-98D2-CDD3ABE3848B}.Release|Any CPU.Build.0 = Release|Any CPU
	EndGlobalSection
	GlobalSection(SolutionProperties) = preSolution
		HideSolutionNode = FALSE
	EndGlobalSection
	GlobalSection(ExtensibilityGlobals) = postSolution
		SolutionGuid = {F07BF49F-ADEE-4BBA-A204-D70928AE761E}
	EndGlobalSection
EndGlobal
